
Microsoft Visual Studio Solution File, Format Version 12.00
# Visual Studio 14
VisualStudioVersion = 14.0.24720.0
MinimumVisualStudioVersion = 10.0.40219.1
Project("{FAE04EC0-301F-11D3-BF4B-00C04F79EFBC}") = "TestingSystem.Entities", "TestingSystem.Entities\TestingSystem.Entities.csproj", "{9B09A9D6-43C5-4931-81B9-B8217FE2F2A4}"
EndProject
Project("{FAE04EC0-301F-11D3-BF4B-00C04F79EFBC}") = "TestingSystem.DataBaseConfigurations", "TestingSystem.DataBaseConfigurations\TestingSystem.DataBaseConfigurations.csproj", "{58695AE6-72B0-4B45-9A3B-48E46F16B362}"
EndProject
Project("{FAE04EC0-301F-11D3-BF4B-00C04F79EFBC}") = "TestingSystem.Services", "TestingSystem.Services\TestingSystem.Services.csproj", "{26C38DA7-6289-46DF-A848-33606E73A100}"
EndProject
Project("{FAE04EC0-301F-11D3-BF4B-00C04F79EFBC}") = "TestingSystem.Web", "TestingSystem.Web\TestingSystem.Web.csproj", "{CABDBAA0-B403-40C6-9ED5-7D4D27BCE295}"
EndProject
Project("{FAE04EC0-301F-11D3-BF4B-00C04F79EFBC}") = "TestingSystem.Tests", "TestingSystem.Tests\TestingSystem.Tests.csproj", "{82D5B156-E47F-40EB-A863-6969B66A3F0E}"
EndProject
Global
	GlobalSection(SolutionConfigurationPlatforms) = preSolution
		Debug|Any CPU = Debug|Any CPU
		Release|Any CPU = Release|Any CPU
	EndGlobalSection
	GlobalSection(ProjectConfigurationPlatforms) = postSolution
		{9B09A9D6-43C5-4931-81B9-B8217FE2F2A4}.Debug|Any CPU.ActiveCfg = Debug|Any CPU
		{9B09A9D6-43C5-4931-81B9-B8217FE2F2A4}.Debug|Any CPU.Build.0 = Debug|Any CPU
		{9B09A9D6-43C5-4931-81B9-B8217FE2F2A4}.Release|Any CPU.ActiveCfg = Release|Any CPU
		{9B09A9D6-43C5-4931-81B9-B8217FE2F2A4}.Release|Any CPU.Build.0 = Release|Any CPU
		{58695AE6-72B0-4B45-9A3B-48E46F16B362}.Debug|Any CPU.ActiveCfg = Debug|Any CPU
		{58695AE6-72B0-4B45-9A3B-48E46F16B362}.Debug|Any CPU.Build.0 = Debug|Any CPU
		{58695AE6-72B0-4B45-9A3B-48E46F16B362}.Release|Any CPU.ActiveCfg = Release|Any CPU
		{58695AE6-72B0-4B45-9A3B-48E46F16B362}.Release|Any CPU.Build.0 = Release|Any CPU
		{26C38DA7-6289-46DF-A848-33606E73A100}.Debug|Any CPU.ActiveCfg = Debug|Any CPU
		{26C38DA7-6289-46DF-A848-33606E73A100}.Debug|Any CPU.Build.0 = Debug|Any CPU
		{26C38DA7-6289-46DF-A848-33606E73A100}.Release|Any CPU.ActiveCfg = Release|Any CPU
		{26C38DA7-6289-46DF-A848-33606E73A100}.Release|Any CPU.Build.0 = Release|Any CPU
		{CABDBAA0-B403-40C6-9ED5-7D4D27BCE295}.Debug|Any CPU.ActiveCfg = Debug|Any CPU
		{CABDBAA0-B403-40C6-9ED5-7D4D27BCE295}.Debug|Any CPU.Build.0 = Debug|Any CPU
		{CABDBAA0-B403-40C6-9ED5-7D4D27BCE295}.Release|Any CPU.ActiveCfg = Release|Any CPU
		{CABDBAA0-B403-40C6-9ED5-7D4D27BCE295}.Release|Any CPU.Build.0 = Release|Any CPU
		{82D5B156-E47F-40EB-A863-6969B66A3F0E}.Debug|Any CPU.ActiveCfg = Debug|Any CPU
		{82D5B156-E47F-40EB-A863-6969B66A3F0E}.Debug|Any CPU.Build.0 = Debug|Any CPU
		{82D5B156-E47F-40EB-A863-6969B66A3F0E}.Release|Any CPU.ActiveCfg = Release|Any CPU
		{82D5B156-E47F-40EB-A863-6969B66A3F0E}.Release|Any CPU.Build.0 = Release|Any CPU
	EndGlobalSection
	GlobalSection(SolutionProperties) = preSolution
		HideSolutionNode = FALSE
	EndGlobalSection
EndGlobal
